
Microsoft Visual Studio Solution File, Format Version 12.00
# Visual Studio Version 16
VisualStudioVersion = 16.0.33529.622
MinimumVisualStudioVersion = 10.0.40219.1
Project("{FAE04EC0-301F-11D3-BF4B-00C04F79EFBC}") = "Decomposition", "Decomposition\Decomposition.csproj", "{4327AD29-83F7-42CD-B1F1-A28AF2DA9FC1}"
EndProject
Global
	GlobalSection(SolutionConfigurationPlatforms) = preSolution
		Debug|Any CPU = Debug|Any CPU
		Release|Any CPU = Release|Any CPU
	EndGlobalSection
	GlobalSection(ProjectConfigurationPlatforms) = postSolution
		{4327AD29-83F7-42CD-B1F1-A28AF2DA9FC1}.Debug|Any CPU.ActiveCfg = Debug|Any CPU
		{4327AD29-83F7-42CD-B1F1-A28AF2DA9FC1}.Debug|Any CPU.Build.0 = Debug|Any CPU
		{4327AD29-83F7-42CD-B1F1-A28AF2DA9FC1}.Release|Any CPU.ActiveCfg = Release|Any CPU
		{4327AD29-83F7-42CD-B1F1-A28AF2DA9FC1}.Release|Any CPU.Build.0 = Release|Any CPU
	EndGlobalSection
	GlobalSection(SolutionProperties) = preSolution
		HideSolutionNode = FALSE
	EndGlobalSection
	GlobalSection(ExtensibilityGlobals) = postSolution
		SolutionGuid = {6F535D47-73F4-4EAB-A5E6-D5A6D2D5BD55}
	EndGlobalSection
EndGlobal
